
Microsoft Visual Studio Solution File, Format Version 12.00
# Visual Studio Version 17
VisualStudioVersion = 17.5.2.0
MinimumVisualStudioVersion = 10.0.40219.1
Project("{FAE04EC0-301F-11D3-BF4B-00C04F79EFBC}") = "Opgavesæt metoder", "Opgavesæt metoder.csproj", "{7F02CA99-2D37-469A-74ED-2F137B36E16C}"
EndProject
Global
	GlobalSection(SolutionConfigurationPlatforms) = preSolution
		Debug|Any CPU = Debug|Any CPU
		Release|Any CPU = Release|Any CPU
	EndGlobalSection
	GlobalSection(ProjectConfigurationPlatforms) = postSolution
		{7F02CA99-2D37-469A-74ED-2F137B36E16C}.Debug|Any CPU.ActiveCfg = Debug|Any CPU
		{7F02CA99-2D37-469A-74ED-2F137B36E16C}.Debug|Any CPU.Build.0 = Debug|Any CPU
		{7F02CA99-2D37-469A-74ED-2F137B36E16C}.Release|Any CPU.ActiveCfg = Release|Any CPU
		{7F02CA99-2D37-469A-74ED-2F137B36E16C}.Release|Any CPU.Build.0 = Release|Any CPU
	EndGlobalSection
	GlobalSection(SolutionProperties) = preSolution
		HideSolutionNode = FALSE
	EndGlobalSection
	GlobalSection(ExtensibilityGlobals) = postSolution
		SolutionGuid = {3140EA2C-E93D-40F8-B257-EFEB6F8CB65B}
	EndGlobalSection
EndGlobal
